
Microsoft Visual Studio Solution File, Format Version 12.00
# Visual Studio Version 17
VisualStudioVersion = 17.3.32901.215
MinimumVisualStudioVersion = 10.0.40219.1
Project("{FAE04EC0-301F-11D3-BF4B-00C04F79EFBC}") = "Lesson 5", "Lesson 5\Lesson 5.csproj", "{FB97B81B-201F-46C7-8FFC-72D94BA20B01}"
EndProject
Global
	GlobalSection(SolutionConfigurationPlatforms) = preSolution
		Debug|Any CPU = Debug|Any CPU
		Release|Any CPU = Release|Any CPU
	EndGlobalSection
	GlobalSection(ProjectConfigurationPlatforms) = postSolution
		{FB97B81B-201F-46C7-8FFC-72D94BA20B01}.Debug|Any CPU.ActiveCfg = Debug|Any CPU
		{FB97B81B-201F-46C7-8FFC-72D94BA20B01}.Debug|Any CPU.Build.0 = Debug|Any CPU
		{FB97B81B-201F-46C7-8FFC-72D94BA20B01}.Release|Any CPU.ActiveCfg = Release|Any CPU
		{FB97B81B-201F-46C7-8FFC-72D94BA20B01}.Release|Any CPU.Build.0 = Release|Any CPU
	EndGlobalSection
	GlobalSection(SolutionProperties) = preSolution
		HideSolutionNode = FALSE
	EndGlobalSection
	GlobalSection(ExtensibilityGlobals) = postSolution
		SolutionGuid = {EA7C33A9-6AC0-4D7C-A02C-1BC43FDC22BC}
	EndGlobalSection
EndGlobal
